// !$*UTF8*$!
{
	archiveVersion = 1;
	classes = {
	};
	objectVersion = 46;
	objects = {

/* Begin PBXBuildFile section */
		ACCEB80A1C78EF8F0033EBAC /* AppDelegate.swift in Sources */ = {isa = PBXBuildFile; fileRef = ACCEB8091C78EF8F0033EBAC /* AppDelegate.swift */; };
		ACCEB80C1C78EF8F0033EBAC /* ViewController.swift in Sources */ = {isa = PBXBuildFile; fileRef = ACCEB80B1C78EF8F0033EBAC /* ViewController.swift */; };
		ACCEB80F1C78EF8F0033EBAC /* Main.storyboard in Resources */ = {isa = PBXBuildFile; fileRef = ACCEB80D1C78EF8F0033EBAC /* Main.storyboard */; };
		ACCEB8111C78EF8F0033EBAC /* Assets.xcassets in Resources */ = {isa = PBXBuildFile; fileRef = ACCEB8101C78EF8F0033EBAC /* Assets.xcassets */; };
		ACCEB8141C78EF8F0033EBAC /* LaunchScreen.storyboard in Resources */ = {isa = PBXBuildFile; fileRef = ACCEB8121C78EF8F0033EBAC /* LaunchScreen.storyboard */; };
/* End PBXBuildFile section */

/* Begin PBXFileReference section */
		ACCEB8061C78EF8F0033EBAC /* Pitch Perfect.app */ = {isa = PBXFileReference; explicitFileType = wrapper.application; includeInIndex = 0; path = "Pitch Perfect.app"; sourceTree = BUILT_PRODUCTS_DIR; };
		ACCEB8091C78EF8F0033EBAC /* AppDelegate.swift */ = {isa = PBXFileReference; lastKnownFileType = sourcecode.swift; path = AppDelegate.swift; sourceTree = "<group>"; };
		ACCEB80B1C78EF8F0033EBAC /* ViewController.swift */ = {isa = PBXFileReference; lastKnownFileType = sourcecode.swift; path = ViewController.swift; sourceTree = "<group>"; };
		ACCEB80E1C78EF8F0033EBAC /* Base */ = {isa = PBXFileReference; lastKnownFileType = file.storyboard; name = Base; path = Base.lproj/Main.storyboard; sourceTree = "<group>"; };
		ACCEB8101C78EF8F0033EBAC /* Assets.xcassets */ = {isa = PBXFileReference; lastKnownFileType = folder.assetcatalog; path = Assets.xcassets; sourceTree = "<group>"; };
		ACCEB8131C78EF8F0033EBAC /* Base */ = {isa = PBXFileReference; lastKnownFileType = file.storyboard; name = Base; path = Base.lproj/LaunchScreen.storyboard; sourceTree = "<group>"; };
		ACCEB8151C78EF8F0033EBAC /* Info.plist */ = {isa = PBXFileReference; lastKnownFileType = text.plist.xml; path = Info.plist; sourceTree = "<group>"; };
/* End PBXFileReference section */

/* Begin PBXFrameworksBuildPhase section */
		ACCEB8031C78EF8F0033EBAC /* Frameworks */ = {
			isa = PBXFrameworksBuildPhase;
			buildActionMask = 2147483647;
			files = (
			);
			runOnlyForDeploymentPostprocessing = 0;
		};
/* End PBXFrameworksBuildPhase section */

/* Begin PBXGroup section */
		ACCEB7FD1C78EF8F0033EBAC = {
			isa = PBXGroup;
			children = (
				ACCEB8081C78EF8F0033EBAC /* Pitch Perfect */,
				ACCEB8071C78EF8F0033EBAC /* Products */,
			);
			sourceTree = "<group>";
		};
		ACCEB8071C78EF8F0033EBAC /* Products */ = {
			isa = PBXGroup;
			children = (
				ACCEB8061C78EF8F0033EBAC /* Pitch Perfect.app */,
			);
			name = Products;
			sourceTree = "<group>";
		};
		ACCEB8081C78EF8F0033EBAC /* Pitch Perfect */ = {
			isa = PBXGroup;
			children = (
				ACCEB8091C78EF8F0033EBAC /* AppDelegate.swift */,
				ACCEB80B1C78EF8F0033EBAC /* ViewController.swift */,
				ACCEB80D1C78EF8F0033EBAC /* Main.storyboard */,
				ACCEB8101C78EF8F0033EBAC /* Assets.xcassets */,
				ACCEB8121C78EF8F0033EBAC /* LaunchScreen.storyboard */,
				ACCEB8151C78EF8F0033EBAC /* Info.plist */,
			);
			path = "Pitch Perfect";
			sourceTree = "<group>";
		};
/* End PBXGroup section */

/* Begin PBXNativeTarget section */
		ACCEB8051C78EF8F0033EBAC /* Pitch Perfect */ = {
			isa = PBXNativeTarget;
			buildConfigurationList = ACCEB8181C78EF8F0033EBAC /* Build configuration list for PBXNativeTarget "Pitch Perfect" */;
			buildPhases = (
				ACCEB8021C78EF8F0033EBAC /* Sources */,
				ACCEB8031C78EF8F0033EBAC /* Frameworks */,
				ACCEB8041C78EF8F0033EBAC /* Resources */,
			);
			buildRules = (
			);
			dependencies = (
			);
			name = "Pitch Perfect";
			productName = "Pitch Perfect";
			productReference = ACCEB8061C78EF8F0033EBAC /* Pitch Perfect.app */;
			productType = "com.apple.product-type.application";
		};
/* End PBXNativeTarget section */

/* Begin PBXProject section */
		ACCEB7FE1C78EF8F0033EBAC /* Project object */ = {
			isa = PBXProject;
			attributes = {
				LastSwiftUpdateCheck = 0710;
				LastUpgradeCheck = 0710;
				ORGANIZATIONNAME = "Mirko Jurić-Kavelj";
				TargetAttributes = {
					ACCEB8051C78EF8F0033EBAC = {
						CreatedOnToolsVersion = 7.1.1;
						DevelopmentTeam = 98Z9T5A928;
					};
				};
			};
			buildConfigurationList = ACCEB8011C78EF8F0033EBAC /* Build configuration list for PBXProject "Pitch Perfect" */;
			compatibilityVersion = "Xcode 3.2";
			developmentRegion = English;
			hasScannedForEncodings = 0;
			knownRegions = (
				en,
				Base,
			);
			mainGroup = ACCEB7FD1C78EF8F0033EBAC;
			productRefGroup = ACCEB8071C78EF8F0033EBAC /* Products */;
			projectDirPath = "";
			projectRoot = "";
			targets = (
				ACCEB8051C78EF8F0033EBAC /* Pitch Perfect */,
			);
		};
/* End PBXProject section */

/* Begin PBXResourcesBuildPhase section */
		ACCEB8041C78EF8F0033EBAC /* Resources */ = {
			isa = PBXResourcesBuildPhase;
			buildActionMask = 2147483647;
			files = (
				ACCEB8141C78EF8F0033EBAC /* LaunchScreen.storyboard in Resources */,
				ACCEB8111C78EF8F0033EBAC /* Assets.xcassets in Resources */,
				ACCEB80F1C78EF8F0033EBAC /* Main.storyboard in Resources */,
			);
			runOnlyForDeploymentPostprocessing = 0;
		};
/* End PBXResourcesBuildPhase section */

/* Begin PBXSourcesBuildPhase section */
		ACCEB8021C78EF8F0033EBAC /* Sources */ = {
			isa = PBXSourcesBuildPhase;
			buildActionMask = 2147483647;
			files = (
				ACCEB80C1C78EF8F0033EBAC /* ViewController.swift in Sources */,
				ACCEB80A1C78EF8F0033EBAC /* AppDelegate.swift in Sources */,
			);
			runOnlyForDeploymentPostprocessing = 0;
		};
/* End PBXSourcesBuildPhase section */

/* Begin PBXVariantGroup section */
		ACCEB80D1C78EF8F0033EBAC /* Main.storyboard */ = {
			isa = PBXVariantGroup;
			children = (
				ACCEB80E1C78EF8F0033EBAC /* Base */,
			);
			name = Main.storyboard;
			sourceTree = "<group>";
		};
		ACCEB8121C78EF8F0033EBAC /* LaunchScreen.storyboard */ = {
			isa = PBXVariantGroup;
			children = (
				ACCEB8131C78EF8F0033EBAC /* Base */,
			);
			name = LaunchScreen.storyboard;
			sourceTree = "<group>";
		};
/* End PBXVariantGroup section */

/* Begin XCBuildConfiguration section */
		ACCEB8161C78EF8F0033EBAC /* Debug */ = {
			isa = XCBuildConfiguration;
			buildSettings = {
				ALWAYS_SEARCH_USER_PATHS = NO;
				CLANG_CXX_LANGUAGE_STANDARD = "gnu++0x";
				CLANG_CXX_LIBRARY = "libc++";
				CLANG_ENABLE_MODULES = YES;
				CLANG_ENABLE_OBJC_ARC = YES;
				CLANG_WARN_BOOL_CONVERSION = YES;
				CLANG_WARN_CONSTANT_CONVERSION = YES;
				CLANG_WARN_DIRECT_OBJC_ISA_USAGE = YES_ERROR;
				CLANG_WARN_EMPTY_BODY = YES;
				CLANG_WARN_ENUM_CONVERSION = YES;
				CLANG_WARN_INT_CONVERSION = YES;
				CLANG_WARN_OBJC_ROOT_CLASS = YES_ERROR;
				CLANG_WARN_UNREACHABLE_CODE = YES;
				CLANG_WARN__DUPLICATE_METHOD_MATCH = YES;
				"CODE_SIGN_IDENTITY[sdk=iphoneos*]" = "iPhone Developer";
				COPY_PHASE_STRIP = NO;
				DEBUG_INFORMATION_FORMAT = dwarf;
				ENABLE_STRICT_OBJC_MSGSEND = YES;
				ENABLE_TESTABILITY = YES;
				GCC_C_LANGUAGE_STANDARD = gnu99;
				GCC_DYNAMIC_NO_PIC = NO;
				GCC_NO_COMMON_BLOCKS = YES;
				GCC_OPTIMIZATION_LEVEL = 0;
				GCC_PREPROCESSOR_DEFINITIONS = (
					"DEBUG=1",
					"$(inherited)",
				);
				GCC_WARN_64_TO_32_BIT_CONVERSION = YES;
				GCC_WARN_ABOUT_RETURN_TYPE = YES_ERROR;
				GCC_WARN_UNDECLARED_SELECTOR = YES;
				GCC_WARN_UNINITIALIZED_AUTOS = YES_AGGRESSIVE;
				GCC_WARN_UNUSED_FUNCTION = YES;
				GCC_WARN_UNUSED_VARIABLE = YES;
				IPHONEOS_DEPLOYMENT_TARGET = 9.1;
				MTL_ENABLE_DEBUG_INFO = YES;
				ONLY_ACTIVE_ARCH = YES;
				SDKROOT = iphoneos;
				SWIFT_OPTIMIZATION_LEVEL = "-Onone";
			};
			name = Debug;
		};
		ACCEB8171C78EF8F0033EBAC /* Release */ = {
			isa = XCBuildConfiguration;
			buildSettings = {
				ALWAYS_SEARCH_USER_PATHS = NO;
				CLANG_CXX_LANGUAGE_STANDARD = "gnu++0x";
				CLANG_CXX_LIBRARY = "libc++";
				CLANG_ENABLE_MODULES = YES;
				CLANG_ENABLE_OBJC_ARC = YES;
				CLANG_WARN_BOOL_CONVERSION = YES;
				CLANG_WARN_CONSTANT_CONVERSION = YES;
				CLANG_WARN_DIRECT_OBJC_ISA_USAGE = YES_ERROR;
				CLANG_WARN_EMPTY_BODY = YES;
				CLANG_WARN_ENUM_CONVERSION = YES;
				CLANG_WARN_INT_CONVERSION = YES;
				CLANG_WARN_OBJC_ROOT_CLASS = YES_ERROR;
				CLANG_WARN_UNREACHABLE_CODE = YES;
				CLANG_WARN__DUPLICATE_METHOD_MATCH = YES;
				"CODE_SIGN_IDENTITY[sdk=iphoneos*]" = "iPhone Developer";
				COPY_PHASE_STRIP = NO;
				DEBUG_INFORMATION_FORMAT = "dwarf-with-dsym";
				ENABLE_NS_ASSERTIONS = NO;
				ENABLE_STRICT_OBJC_MSGSEND = YES;
				GCC_C_LANGUAGE_STANDARD = gnu99;
				GCC_NO_COMMON_BLOCKS = YES;
				GCC_WARN_64_TO_32_BIT_CONVERSION = YES;
				GCC_WARN_ABOUT_RETURN_TYPE = YES_ERROR;
				GCC_WARN_UNDECLARED_SELECTOR = YES;
				GCC_WARN_UNINITIALIZED_AUTOS = YES_AGGRESSIVE;
				GCC_WARN_UNUSED_FUNCTION = YES;
				GCC_WARN_UNUSED_VARIABLE = YES;
				IPHONEOS_DEPLOYMENT_TARGET = 9.1;
				MTL_ENABLE_DEBUG_INFO = NO;
				SDKROOT = iphoneos;
				VALIDATE_PRODUCT = YES;
			};
			name = Release;
		};
		ACCEB8191C78EF8F0033EBAC /* Debug */ = {
			isa = XCBuildConfiguration;
			buildSettings = {
				ASSETCATALOG_COMPILER_APPICON_NAME = AppIcon;
				INFOPLIST_FILE = "Pitch Perfect/Info.plist";
				LD_RUNPATH_SEARCH_PATHS = "$(inherited) @executable_path/Frameworks";
				PRODUCT_BUNDLE_IDENTIFIER = "com.mjk.Pitch-Perfect";
				PRODUCT_NAME = "$(TARGET_NAME)";
			};
			name = Debug;
		};
		ACCEB81A1C78EF8F0033EBAC /* Release */ = {
			isa = XCBuildConfiguration;
			buildSettings = {
				ASSETCATALOG_COMPILER_APPICON_NAME = AppIcon;
				INFOPLIST_FILE = "Pitch Perfect/Info.plist";
				LD_RUNPATH_SEARCH_PATHS = "$(inherited) @executable_path/Frameworks";
				PRODUCT_BUNDLE_IDENTIFIER = "com.mjk.Pitch-Perfect";
				PRODUCT_NAME = "$(TARGET_NAME)";
			};
			name = Release;
		};
/* End XCBuildConfiguration section */

/* Begin XCConfigurationList section */
		ACCEB8011C78EF8F0033EBAC /* Build configuration list for PBXProject "Pitch Perfect" */ = {
			isa = XCConfigurationList;
			buildConfigurations = (
				ACCEB8161C78EF8F0033EBAC /* Debug */,
				ACCEB8171C78EF8F0033EBAC /* Release */,
			);
			defaultConfigurationIsVisible = 0;
			defaultConfigurationName = Release;
		};
		ACCEB8181C78EF8F0033EBAC /* Build configuration list for PBXNativeTarget "Pitch Perfect" */ = {
			isa = XCConfigurationList;
			buildConfigurations = (
				ACCEB8191C78EF8F0033EBAC /* Debug */,
				ACCEB81A1C78EF8F0033EBAC /* Release */,
			);
			defaultConfigurationIsVisible = 0;
		};
/* End XCConfigurationList section */
	};
	rootObject = ACCEB7FE1C78EF8F0033EBAC /* Project object */;
}
